
Microsoft Visual Studio Solution File, Format Version 12.00
# Visual Studio Version 17
VisualStudioVersion = 17.0.31903.59
MinimumVisualStudioVersion = 10.0.40219.1
Project("{9A19103F-16F7-4668-BE54-9A1E7A4F7556}") = "lohost.Client", "lohost.Client\lohost.Client.csproj", "{9F0EC847-31A5-4E32-BD81-8D3536F92228}"
EndProject
Project("{9A19103F-16F7-4668-BE54-9A1E7A4F7556}") = "lohost.Client.Services", "lohost.Client.Services\lohost.Client.Services.csproj", "{149784D2-EF00-4545-91AB-E0B7DA98BCD2}"
EndProject
Project("{FAE04EC0-301F-11D3-BF4B-00C04F79EFBC}") = "lohost.Client.Models", "lohost.Client.Models\lohost.Client.Models.csproj", "{00423979-04E0-4BCF-9B69-E9C9D646084F}"
EndProject
Project("{FAE04EC0-301F-11D3-BF4B-00C04F79EFBC}") = "lohost.Client.Logging", "lohost.Client.Logging\lohost.Client.Logging.csproj", "{1705950F-4ED0-4B36-90AB-86C4F71DD961}"
EndProject
Global
	GlobalSection(SolutionConfigurationPlatforms) = preSolution
		Debug|Any CPU = Debug|Any CPU
		Release|Any CPU = Release|Any CPU
	EndGlobalSection
	GlobalSection(ProjectConfigurationPlatforms) = postSolution
		{9F0EC847-31A5-4E32-BD81-8D3536F92228}.Debug|Any CPU.ActiveCfg = Debug|Any CPU
		{9F0EC847-31A5-4E32-BD81-8D3536F92228}.Debug|Any CPU.Build.0 = Debug|Any CPU
		{9F0EC847-31A5-4E32-BD81-8D3536F92228}.Release|Any CPU.ActiveCfg = Release|Any CPU
		{9F0EC847-31A5-4E32-BD81-8D3536F92228}.Release|Any CPU.Build.0 = Release|Any CPU
		{149784D2-EF00-4545-91AB-E0B7DA98BCD2}.Debug|Any CPU.ActiveCfg = Debug|Any CPU
		{149784D2-EF00-4545-91AB-E0B7DA98BCD2}.Debug|Any CPU.Build.0 = Debug|Any CPU
		{149784D2-EF00-4545-91AB-E0B7DA98BCD2}.Release|Any CPU.ActiveCfg = Release|Any CPU
		{149784D2-EF00-4545-91AB-E0B7DA98BCD2}.Release|Any CPU.Build.0 = Release|Any CPU
		{00423979-04E0-4BCF-9B69-E9C9D646084F}.Debug|Any CPU.ActiveCfg = Debug|Any CPU
		{00423979-04E0-4BCF-9B69-E9C9D646084F}.Debug|Any CPU.Build.0 = Debug|Any CPU
		{00423979-04E0-4BCF-9B69-E9C9D646084F}.Release|Any CPU.ActiveCfg = Release|Any CPU
		{00423979-04E0-4BCF-9B69-E9C9D646084F}.Release|Any CPU.Build.0 = Release|Any CPU
		{1705950F-4ED0-4B36-90AB-86C4F71DD961}.Debug|Any CPU.ActiveCfg = Debug|Any CPU
		{1705950F-4ED0-4B36-90AB-86C4F71DD961}.Debug|Any CPU.Build.0 = Debug|Any CPU
		{1705950F-4ED0-4B36-90AB-86C4F71DD961}.Release|Any CPU.ActiveCfg = Release|Any CPU
		{1705950F-4ED0-4B36-90AB-86C4F71DD961}.Release|Any CPU.Build.0 = Release|Any CPU
	EndGlobalSection
	GlobalSection(SolutionProperties) = preSolution
		HideSolutionNode = FALSE
	EndGlobalSection
	GlobalSection(ExtensibilityGlobals) = postSolution
		SolutionGuid = {E086FA06-4187-406A-AFA2-FF4DBD40062D}
	EndGlobalSection
EndGlobal
